
Microsoft Visual Studio Solution File, Format Version 12.00
# Visual Studio Version 16
VisualStudioVersion = 16.0.30413.136
MinimumVisualStudioVersion = 10.0.40219.1
Project("{FAE04EC0-301F-11D3-BF4B-00C04F79EFBC}") = "ProductsApp1", "ProductsApp1.csproj", "{2294F3C2-318B-487A-B07D-12AA89DEAEBD}"
EndProject
Project("{FAE04EC0-301F-11D3-BF4B-00C04F79EFBC}") = "ProductsApp1.Tests", "..\ProductsApp1.Tests\ProductsApp1.Tests.csproj", "{41AEB8E5-BB10-44DD-B8B4-5AA90A5C97C9}"
EndProject
Global
	GlobalSection(SolutionConfigurationPlatforms) = preSolution
		Debug|Any CPU = Debug|Any CPU
		Release|Any CPU = Release|Any CPU
	EndGlobalSection
	GlobalSection(ProjectConfigurationPlatforms) = postSolution
		{2294F3C2-318B-487A-B07D-12AA89DEAEBD}.Debug|Any CPU.ActiveCfg = Debug|Any CPU
		{2294F3C2-318B-487A-B07D-12AA89DEAEBD}.Debug|Any CPU.Build.0 = Debug|Any CPU
		{2294F3C2-318B-487A-B07D-12AA89DEAEBD}.Release|Any CPU.ActiveCfg = Release|Any CPU
		{2294F3C2-318B-487A-B07D-12AA89DEAEBD}.Release|Any CPU.Build.0 = Release|Any CPU
		{41AEB8E5-BB10-44DD-B8B4-5AA90A5C97C9}.Debug|Any CPU.ActiveCfg = Debug|Any CPU
		{41AEB8E5-BB10-44DD-B8B4-5AA90A5C97C9}.Debug|Any CPU.Build.0 = Debug|Any CPU
		{41AEB8E5-BB10-44DD-B8B4-5AA90A5C97C9}.Release|Any CPU.ActiveCfg = Release|Any CPU
		{41AEB8E5-BB10-44DD-B8B4-5AA90A5C97C9}.Release|Any CPU.Build.0 = Release|Any CPU
	EndGlobalSection
	GlobalSection(SolutionProperties) = preSolution
		HideSolutionNode = FALSE
	EndGlobalSection
	GlobalSection(ExtensibilityGlobals) = postSolution
		SolutionGuid = {0527657F-ADDE-4675-8D0B-F6A137BE6CE7}
	EndGlobalSection
EndGlobal
